<Solution>
  <Project Path="Academia.Api/Academia.Api.csproj" />
  <Project Path="Academia.Application/Academia.Application.csproj" />
  <Project Path="Academia.Domain/Academia.Domain.csproj" />
  <Project Path="Academia.Infrastructure/Academia.Infrastructure.csproj" />
  <Project Path="Academia.Tests/Academia.Tests.csproj" />
</Solution>
